// !$*UTF8*$!
{
	archiveVersion = 1;
	classes = {
	};
	objectVersion = 50;
	objects = {

/* Begin PBXBuildFile section */
		A12B6E7B2560598D00FBDBDE /* CalculatorSwiftUIApp.swift in Sources */ = {isa = PBXBuildFile; fileRef = A12B6E7A2560598D00FBDBDE /* CalculatorSwiftUIApp.swift */; };
		A12B6E7F2560599000FBDBDE /* Assets.xcassets in Resources */ = {isa = PBXBuildFile; fileRef = A12B6E7E2560599000FBDBDE /* Assets.xcassets */; };
		A12B6E822560599000FBDBDE /* Preview Assets.xcassets in Resources */ = {isa = PBXBuildFile; fileRef = A12B6E812560599000FBDBDE /* Preview Assets.xcassets */; };
		A12B6E842560599000FBDBDE /* PersistentStore.swift in Sources */ = {isa = PBXBuildFile; fileRef = A12B6E832560599000FBDBDE /* PersistentStore.swift */; };
		A12B6E9025605FEE00FBDBDE /* CalculatorView.swift in Sources */ = {isa = PBXBuildFile; fileRef = A12B6E8F25605FEE00FBDBDE /* CalculatorView.swift */; };
		A12B6E9325612BD900FBDBDE /* Extensions.swift in Sources */ = {isa = PBXBuildFile; fileRef = A12B6E9225612BD900FBDBDE /* Extensions.swift */; };
		A14124CE2564745600F6A3FB /* ExpressionListSheet.swift in Sources */ = {isa = PBXBuildFile; fileRef = A14124CD2564745600F6A3FB /* ExpressionListSheet.swift */; };
		A14124D3256477E900F6A3FB /* Expression+Extensions.swift in Sources */ = {isa = PBXBuildFile; fileRef = A14124D2256477E900F6A3FB /* Expression+Extensions.swift */; };
		A14124D725647C8900F6A3FB /* ExpressionViewModel.swift in Sources */ = {isa = PBXBuildFile; fileRef = A14124D625647C8900F6A3FB /* ExpressionViewModel.swift */; };
		A153AE3A256468110041D784 /* CalculatorSwiftUI.xcdatamodeld in Sources */ = {isa = PBXBuildFile; fileRef = A153AE38256468110041D784 /* CalculatorSwiftUI.xcdatamodeld */; };
		A17C48912563DD6A004B6C12 /* CalculatorBrain.swift in Sources */ = {isa = PBXBuildFile; fileRef = A17C48902563DD6A004B6C12 /* CalculatorBrain.swift */; };
/* End PBXBuildFile section */

/* Begin PBXFileReference section */
		A12B6E772560598D00FBDBDE /* CalculatorSwiftUI.app */ = {isa = PBXFileReference; explicitFileType = wrapper.application; includeInIndex = 0; path = CalculatorSwiftUI.app; sourceTree = BUILT_PRODUCTS_DIR; };
		A12B6E7A2560598D00FBDBDE /* CalculatorSwiftUIApp.swift */ = {isa = PBXFileReference; lastKnownFileType = sourcecode.swift; path = CalculatorSwiftUIApp.swift; sourceTree = "<group>"; };
		A12B6E7E2560599000FBDBDE /* Assets.xcassets */ = {isa = PBXFileReference; lastKnownFileType = folder.assetcatalog; path = Assets.xcassets; sourceTree = "<group>"; };
		A12B6E812560599000FBDBDE /* Preview Assets.xcassets */ = {isa = PBXFileReference; lastKnownFileType = folder.assetcatalog; path = "Preview Assets.xcassets"; sourceTree = "<group>"; };
		A12B6E832560599000FBDBDE /* PersistentStore.swift */ = {isa = PBXFileReference; lastKnownFileType = sourcecode.swift; path = PersistentStore.swift; sourceTree = "<group>"; };
		A12B6E882560599000FBDBDE /* Info.plist */ = {isa = PBXFileReference; lastKnownFileType = text.plist.xml; path = Info.plist; sourceTree = "<group>"; };
		A12B6E8F25605FEE00FBDBDE /* CalculatorView.swift */ = {isa = PBXFileReference; lastKnownFileType = sourcecode.swift; path = CalculatorView.swift; sourceTree = "<group>"; };
		A12B6E9225612BD900FBDBDE /* Extensions.swift */ = {isa = PBXFileReference; lastKnownFileType = sourcecode.swift; path = Extensions.swift; sourceTree = "<group>"; };
		A14124CD2564745600F6A3FB /* ExpressionListSheet.swift */ = {isa = PBXFileReference; lastKnownFileType = sourcecode.swift; path = ExpressionListSheet.swift; sourceTree = "<group>"; };
		A14124D2256477E900F6A3FB /* Expression+Extensions.swift */ = {isa = PBXFileReference; lastKnownFileType = sourcecode.swift; path = "Expression+Extensions.swift"; sourceTree = "<group>"; };
		A14124D625647C8900F6A3FB /* ExpressionViewModel.swift */ = {isa = PBXFileReference; lastKnownFileType = sourcecode.swift; path = ExpressionViewModel.swift; sourceTree = "<group>"; };
		A153AE39256468110041D784 /* CalculatorSwiftUI.xcdatamodel */ = {isa = PBXFileReference; lastKnownFileType = wrapper.xcdatamodel; path = CalculatorSwiftUI.xcdatamodel; sourceTree = "<group>"; };
		A17C48902563DD6A004B6C12 /* CalculatorBrain.swift */ = {isa = PBXFileReference; lastKnownFileType = sourcecode.swift; path = CalculatorBrain.swift; sourceTree = "<group>"; };
/* End PBXFileReference section */

/* Begin PBXFrameworksBuildPhase section */
		A12B6E742560598D00FBDBDE /* Frameworks */ = {
			isa = PBXFrameworksBuildPhase;
			buildActionMask = 2147483647;
			files = (
			);
			runOnlyForDeploymentPostprocessing = 0;
		};
/* End PBXFrameworksBuildPhase section */

/* Begin PBXGroup section */
		A12B6E6E2560598D00FBDBDE = {
			isa = PBXGroup;
			children = (
				A12B6E792560598D00FBDBDE /* CalculatorSwiftUI */,
				A12B6E782560598D00FBDBDE /* Products */,
			);
			sourceTree = "<group>";
		};
		A12B6E782560598D00FBDBDE /* Products */ = {
			isa = PBXGroup;
			children = (
				A12B6E772560598D00FBDBDE /* CalculatorSwiftUI.app */,
			);
			name = Products;
			sourceTree = "<group>";
		};
		A12B6E792560598D00FBDBDE /* CalculatorSwiftUI */ = {
			isa = PBXGroup;
			children = (
				A12B6E7A2560598D00FBDBDE /* CalculatorSwiftUIApp.swift */,
				A12B6E8F25605FEE00FBDBDE /* CalculatorView.swift */,
				A17C48902563DD6A004B6C12 /* CalculatorBrain.swift */,
				A12B6E9225612BD900FBDBDE /* Extensions.swift */,
				A12B6E7E2560599000FBDBDE /* Assets.xcassets */,
				A14124CD2564745600F6A3FB /* ExpressionListSheet.swift */,
				A14124D625647C8900F6A3FB /* ExpressionViewModel.swift */,
				A14124D1256477D600F6A3FB /* CoreData */,
				A12B6E882560599000FBDBDE /* Info.plist */,
				A12B6E802560599000FBDBDE /* Preview Content */,
			);
			path = CalculatorSwiftUI;
			sourceTree = "<group>";
		};
		A12B6E802560599000FBDBDE /* Preview Content */ = {
			isa = PBXGroup;
			children = (
				A12B6E812560599000FBDBDE /* Preview Assets.xcassets */,
			);
			path = "Preview Content";
			sourceTree = "<group>";
		};
		A14124D1256477D600F6A3FB /* CoreData */ = {
			isa = PBXGroup;
			children = (
				A153AE38256468110041D784 /* CalculatorSwiftUI.xcdatamodeld */,
				A12B6E832560599000FBDBDE /* PersistentStore.swift */,
				A14124D2256477E900F6A3FB /* Expression+Extensions.swift */,
			);
			path = CoreData;
			sourceTree = "<group>";
		};
/* End PBXGroup section */

/* Begin PBXNativeTarget section */
		A12B6E762560598D00FBDBDE /* CalculatorSwiftUI */ = {
			isa = PBXNativeTarget;
			buildConfigurationList = A12B6E8B2560599000FBDBDE /* Build configuration list for PBXNativeTarget "CalculatorSwiftUI" */;
			buildPhases = (
				A12B6E732560598D00FBDBDE /* Sources */,
				A12B6E742560598D00FBDBDE /* Frameworks */,
				A12B6E752560598D00FBDBDE /* Resources */,
			);
			buildRules = (
			);
			dependencies = (
			);
			name = CalculatorSwiftUI;
			productName = CalculatorSwiftUI;
			productReference = A12B6E772560598D00FBDBDE /* CalculatorSwiftUI.app */;
			productType = "com.apple.product-type.application";
		};
/* End PBXNativeTarget section */

/* Begin PBXProject section */
		A12B6E6F2560598D00FBDBDE /* Project object */ = {
			isa = PBXProject;
			attributes = {
				LastSwiftUpdateCheck = 1210;
				LastUpgradeCheck = 1210;
				TargetAttributes = {
					A12B6E762560598D00FBDBDE = {
						CreatedOnToolsVersion = 12.1;
					};
				};
			};
			buildConfigurationList = A12B6E722560598D00FBDBDE /* Build configuration list for PBXProject "CalculatorSwiftUI" */;
			compatibilityVersion = "Xcode 9.3";
			developmentRegion = en;
			hasScannedForEncodings = 0;
			knownRegions = (
				en,
				Base,
			);
			mainGroup = A12B6E6E2560598D00FBDBDE;
			productRefGroup = A12B6E782560598D00FBDBDE /* Products */;
			projectDirPath = "";
			projectRoot = "";
			targets = (
				A12B6E762560598D00FBDBDE /* CalculatorSwiftUI */,
			);
		};
/* End PBXProject section */

/* Begin PBXResourcesBuildPhase section */
		A12B6E752560598D00FBDBDE /* Resources */ = {
			isa = PBXResourcesBuildPhase;
			buildActionMask = 2147483647;
			files = (
				A12B6E822560599000FBDBDE /* Preview Assets.xcassets in Resources */,
				A12B6E7F2560599000FBDBDE /* Assets.xcassets in Resources */,
			);
			runOnlyForDeploymentPostprocessing = 0;
		};
/* End PBXResourcesBuildPhase section */

/* Begin PBXSourcesBuildPhase section */
		A12B6E732560598D00FBDBDE /* Sources */ = {
			isa = PBXSourcesBuildPhase;
			buildActionMask = 2147483647;
			files = (
				A14124D725647C8900F6A3FB /* ExpressionViewModel.swift in Sources */,
				A17C48912563DD6A004B6C12 /* CalculatorBrain.swift in Sources */,
				A14124CE2564745600F6A3FB /* ExpressionListSheet.swift in Sources */,
				A14124D3256477E900F6A3FB /* Expression+Extensions.swift in Sources */,
				A12B6E842560599000FBDBDE /* PersistentStore.swift in Sources */,
				A153AE3A256468110041D784 /* CalculatorSwiftUI.xcdatamodeld in Sources */,
				A12B6E9325612BD900FBDBDE /* Extensions.swift in Sources */,
				A12B6E9025605FEE00FBDBDE /* CalculatorView.swift in Sources */,
				A12B6E7B2560598D00FBDBDE /* CalculatorSwiftUIApp.swift in Sources */,
			);
			runOnlyForDeploymentPostprocessing = 0;
		};
/* End PBXSourcesBuildPhase section */

/* Begin XCBuildConfiguration section */
		A12B6E892560599000FBDBDE /* Debug */ = {
			isa = XCBuildConfiguration;
			buildSettings = {
				ALWAYS_SEARCH_USER_PATHS = NO;
				CLANG_ANALYZER_NONNULL = YES;
				CLANG_ANALYZER_NUMBER_OBJECT_CONVERSION = YES_AGGRESSIVE;
				CLANG_CXX_LANGUAGE_STANDARD = "gnu++14";
				CLANG_CXX_LIBRARY = "libc++";
				CLANG_ENABLE_MODULES = YES;
				CLANG_ENABLE_OBJC_ARC = YES;
				CLANG_ENABLE_OBJC_WEAK = YES;
				CLANG_WARN_BLOCK_CAPTURE_AUTORELEASING = YES;
				CLANG_WARN_BOOL_CONVERSION = YES;
				CLANG_WARN_COMMA = YES;
				CLANG_WARN_CONSTANT_CONVERSION = YES;
				CLANG_WARN_DEPRECATED_OBJC_IMPLEMENTATIONS = YES;
				CLANG_WARN_DIRECT_OBJC_ISA_USAGE = YES_ERROR;
				CLANG_WARN_DOCUMENTATION_COMMENTS = YES;
				CLANG_WARN_EMPTY_BODY = YES;
				CLANG_WARN_ENUM_CONVERSION = YES;
				CLANG_WARN_INFINITE_RECURSION = YES;
				CLANG_WARN_INT_CONVERSION = YES;
				CLANG_WARN_NON_LITERAL_NULL_CONVERSION = YES;
				CLANG_WARN_OBJC_IMPLICIT_RETAIN_SELF = YES;
				CLANG_WARN_OBJC_LITERAL_CONVERSION = YES;
				CLANG_WARN_OBJC_ROOT_CLASS = YES_ERROR;
				CLANG_WARN_QUOTED_INCLUDE_IN_FRAMEWORK_HEADER = YES;
				CLANG_WARN_RANGE_LOOP_ANALYSIS = YES;
				CLANG_WARN_STRICT_PROTOTYPES = YES;
				CLANG_WARN_SUSPICIOUS_MOVE = YES;
				CLANG_WARN_UNGUARDED_AVAILABILITY = YES_AGGRESSIVE;
				CLANG_WARN_UNREACHABLE_CODE = YES;
				CLANG_WARN__DUPLICATE_METHOD_MATCH = YES;
				COPY_PHASE_STRIP = NO;
				DEBUG_INFORMATION_FORMAT = dwarf;
				ENABLE_STRICT_OBJC_MSGSEND = YES;
				ENABLE_TESTABILITY = YES;
				GCC_C_LANGUAGE_STANDARD = gnu11;
				GCC_DYNAMIC_NO_PIC = NO;
				GCC_NO_COMMON_BLOCKS = YES;
				GCC_OPTIMIZATION_LEVEL = 0;
				GCC_PREPROCESSOR_DEFINITIONS = (
					"DEBUG=1",
					"$(inherited)",
				);
				GCC_WARN_64_TO_32_BIT_CONVERSION = YES;
				GCC_WARN_ABOUT_RETURN_TYPE = YES_ERROR;
				GCC_WARN_UNDECLARED_SELECTOR = YES;
				GCC_WARN_UNINITIALIZED_AUTOS = YES_AGGRESSIVE;
				GCC_WARN_UNUSED_FUNCTION = YES;
				GCC_WARN_UNUSED_VARIABLE = YES;
				IPHONEOS_DEPLOYMENT_TARGET = 14.1;
				MTL_ENABLE_DEBUG_INFO = INCLUDE_SOURCE;
				MTL_FAST_MATH = YES;
				ONLY_ACTIVE_ARCH = YES;
				SDKROOT = iphoneos;
				SWIFT_ACTIVE_COMPILATION_CONDITIONS = DEBUG;
				SWIFT_OPTIMIZATION_LEVEL = "-Onone";
			};
			name = Debug;
		};
		A12B6E8A2560599000FBDBDE /* Release */ = {
			isa = XCBuildConfiguration;
			buildSettings = {
				ALWAYS_SEARCH_USER_PATHS = NO;
				CLANG_ANALYZER_NONNULL = YES;
				CLANG_ANALYZER_NUMBER_OBJECT_CONVERSION = YES_AGGRESSIVE;
				CLANG_CXX_LANGUAGE_STANDARD = "gnu++14";
				CLANG_CXX_LIBRARY = "libc++";
				CLANG_ENABLE_MODULES = YES;
				CLANG_ENABLE_OBJC_ARC = YES;
				CLANG_ENABLE_OBJC_WEAK = YES;
				CLANG_WARN_BLOCK_CAPTURE_AUTORELEASING = YES;
				CLANG_WARN_BOOL_CONVERSION = YES;
				CLANG_WARN_COMMA = YES;
				CLANG_WARN_CONSTANT_CONVERSION = YES;
				CLANG_WARN_DEPRECATED_OBJC_IMPLEMENTATIONS = YES;
				CLANG_WARN_DIRECT_OBJC_ISA_USAGE = YES_ERROR;
				CLANG_WARN_DOCUMENTATION_COMMENTS = YES;
				CLANG_WARN_EMPTY_BODY = YES;
				CLANG_WARN_ENUM_CONVERSION = YES;
				CLANG_WARN_INFINITE_RECURSION = YES;
				CLANG_WARN_INT_CONVERSION = YES;
				CLANG_WARN_NON_LITERAL_NULL_CONVERSION = YES;
				CLANG_WARN_OBJC_IMPLICIT_RETAIN_SELF = YES;
				CLANG_WARN_OBJC_LITERAL_CONVERSION = YES;
				CLANG_WARN_OBJC_ROOT_CLASS = YES_ERROR;
				CLANG_WARN_QUOTED_INCLUDE_IN_FRAMEWORK_HEADER = YES;
				CLANG_WARN_RANGE_LOOP_ANALYSIS = YES;
				CLANG_WARN_STRICT_PROTOTYPES = YES;
				CLANG_WARN_SUSPICIOUS_MOVE = YES;
				CLANG_WARN_UNGUARDED_AVAILABILITY = YES_AGGRESSIVE;
				CLANG_WARN_UNREACHABLE_CODE = YES;
				CLANG_WARN__DUPLICATE_METHOD_MATCH = YES;
				COPY_PHASE_STRIP = NO;
				DEBUG_INFORMATION_FORMAT = "dwarf-with-dsym";
				ENABLE_NS_ASSERTIONS = NO;
				ENABLE_STRICT_OBJC_MSGSEND = YES;
				GCC_C_LANGUAGE_STANDARD = gnu11;
				GCC_NO_COMMON_BLOCKS = YES;
				GCC_WARN_64_TO_32_BIT_CONVERSION = YES;
				GCC_WARN_ABOUT_RETURN_TYPE = YES_ERROR;
				GCC_WARN_UNDECLARED_SELECTOR = YES;
				GCC_WARN_UNINITIALIZED_AUTOS = YES_AGGRESSIVE;
				GCC_WARN_UNUSED_FUNCTION = YES;
				GCC_WARN_UNUSED_VARIABLE = YES;
				IPHONEOS_DEPLOYMENT_TARGET = 14.1;
				MTL_ENABLE_DEBUG_INFO = NO;
				MTL_FAST_MATH = YES;
				SDKROOT = iphoneos;
				SWIFT_COMPILATION_MODE = wholemodule;
				SWIFT_OPTIMIZATION_LEVEL = "-O";
				VALIDATE_PRODUCT = YES;
			};
			name = Release;
		};
		A12B6E8C2560599000FBDBDE /* Debug */ = {
			isa = XCBuildConfiguration;
			buildSettings = {
				ASSETCATALOG_COMPILER_APPICON_NAME = AppIcon;
				ASSETCATALOG_COMPILER_GLOBAL_ACCENT_COLOR_NAME = AccentColor;
				CODE_SIGN_STYLE = Automatic;
				DEVELOPMENT_ASSET_PATHS = "\"CalculatorSwiftUI/Preview Content\"";
				DEVELOPMENT_TEAM = TA6BYRRMBY;
				ENABLE_PREVIEWS = YES;
				INFOPLIST_FILE = CalculatorSwiftUI/Info.plist;
				IPHONEOS_DEPLOYMENT_TARGET = 14.0;
				LD_RUNPATH_SEARCH_PATHS = (
					"$(inherited)",
					"@executable_path/Frameworks",
				);
				PRODUCT_BUNDLE_IDENTIFIER = com.kfedin.CalculatorSwiftUI;
				PRODUCT_NAME = "$(TARGET_NAME)";
				SWIFT_VERSION = 5.0;
				TARGETED_DEVICE_FAMILY = "1,2";
			};
			name = Debug;
		};
		A12B6E8D2560599000FBDBDE /* Release */ = {
			isa = XCBuildConfiguration;
			buildSettings = {
				ASSETCATALOG_COMPILER_APPICON_NAME = AppIcon;
				ASSETCATALOG_COMPILER_GLOBAL_ACCENT_COLOR_NAME = AccentColor;
				CODE_SIGN_STYLE = Automatic;
				DEVELOPMENT_ASSET_PATHS = "\"CalculatorSwiftUI/Preview Content\"";
				DEVELOPMENT_TEAM = TA6BYRRMBY;
				ENABLE_PREVIEWS = YES;
				INFOPLIST_FILE = CalculatorSwiftUI/Info.plist;
				IPHONEOS_DEPLOYMENT_TARGET = 14.0;
				LD_RUNPATH_SEARCH_PATHS = (
					"$(inherited)",
					"@executable_path/Frameworks",
				);
				PRODUCT_BUNDLE_IDENTIFIER = com.kfedin.CalculatorSwiftUI;
				PRODUCT_NAME = "$(TARGET_NAME)";
				SWIFT_VERSION = 5.0;
				TARGETED_DEVICE_FAMILY = "1,2";
			};
			name = Release;
		};
/* End XCBuildConfiguration section */

/* Begin XCConfigurationList section */
		A12B6E722560598D00FBDBDE /* Build configuration list for PBXProject "CalculatorSwiftUI" */ = {
			isa = XCConfigurationList;
			buildConfigurations = (
				A12B6E892560599000FBDBDE /* Debug */,
				A12B6E8A2560599000FBDBDE /* Release */,
			);
			defaultConfigurationIsVisible = 0;
			defaultConfigurationName = Release;
		};
		A12B6E8B2560599000FBDBDE /* Build configuration list for PBXNativeTarget "CalculatorSwiftUI" */ = {
			isa = XCConfigurationList;
			buildConfigurations = (
				A12B6E8C2560599000FBDBDE /* Debug */,
				A12B6E8D2560599000FBDBDE /* Release */,
			);
			defaultConfigurationIsVisible = 0;
			defaultConfigurationName = Release;
		};
/* End XCConfigurationList section */

/* Begin XCVersionGroup section */
		A153AE38256468110041D784 /* CalculatorSwiftUI.xcdatamodeld */ = {
			isa = XCVersionGroup;
			children = (
				A153AE39256468110041D784 /* CalculatorSwiftUI.xcdatamodel */,
			);
			currentVersion = A153AE39256468110041D784 /* CalculatorSwiftUI.xcdatamodel */;
			path = CalculatorSwiftUI.xcdatamodeld;
			sourceTree = "<group>";
			versionGroupType = wrapper.xcdatamodel;
		};
/* End XCVersionGroup section */
	};
	rootObject = A12B6E6F2560598D00FBDBDE /* Project object */;
}
